
Microsoft Visual Studio Solution File, Format Version 12.00
# Visual Studio 2013
VisualStudioVersion = 12.0.30723.0
MinimumVisualStudioVersion = 10.0.40219.1
Project("{FAE04EC0-301F-11D3-BF4B-00C04F79EFBC}") = "Rawler", "Rawler\Rawler.csproj", "{D0FF1894-5D72-40C4-91FD-774A8D87D34F}"
EndProject
Project("{FAE04EC0-301F-11D3-BF4B-00C04F79EFBC}") = "RawlerTool", "RawlerTool\RawlerTool.csproj", "{2E85E164-1D2D-4125-95F9-3ABE2BE82968}"
EndProject
Project("{FAE04EC0-301F-11D3-BF4B-00C04F79EFBC}") = "RawlerMecab", "RawlerMecab\RawlerMecab.csproj", "{33B87A14-4DFB-40C1-8B75-367B4D09574E}"
EndProject
Project("{FAE04EC0-301F-11D3-BF4B-00C04F79EFBC}") = "MecabDotNet", "..\MeCabDotNet\MecabDotNet.csproj", "{A8364E94-8B3F-4C80-9CBF-3B7DE86FC60E}"
EndProject
Project("{FAE04EC0-301F-11D3-BF4B-00C04F79EFBC}") = "RawlerView", "RawlerView\RawlerView.csproj", "{95413A4E-EFAC-4729-A329-3ACD5AF51D4D}"
EndProject
Project("{FAE04EC0-301F-11D3-BF4B-00C04F79EFBC}") = "TestRawlerToolProject", "TestRawlerToolProject\TestRawlerToolProject.csproj", "{552F6F8C-6547-4721-99FA-11B96EFBC0C7}"
EndProject
Project("{2150E333-8FDC-42A3-9474-1A3956D46DE8}") = "Solution Items", "Solution Items", "{2EC51400-A329-47A2-AB2E-35BE67023F0C}"
	ProjectSection(SolutionItems) = preProject
		Local.testsettings = Local.testsettings
		Rawler.vsmdi = Rawler.vsmdi
		TraceAndTestImpact.testsettings = TraceAndTestImpact.testsettings
	EndProjectSection
EndProject
Project("{FAE04EC0-301F-11D3-BF4B-00C04F79EFBC}") = "RawlerTwitter", "RawlerTwitter\RawlerTwitter.csproj", "{22251104-BC73-4FE6-A0E7-C63ECB6522DF}"
EndProject
Project("{FAE04EC0-301F-11D3-BF4B-00C04F79EFBC}") = "RawlerYahooAPI", "RawlerYahooAPI\RawlerYahooAPI.csproj", "{88A4E20E-A2A1-4BD0-B5EB-ECAA0163912A}"
EndProject
Project("{FAE04EC0-301F-11D3-BF4B-00C04F79EFBC}") = "Twitterizer2", "..\..\Users\kiichi\Documents\GitHub\Twitterizer\Twitterizer2\Twitterizer2.csproj", "{2FDC3492-6B9E-4771-9755-7892C9CB1E96}"
EndProject
Project("{FAE04EC0-301F-11D3-BF4B-00C04F79EFBC}") = "Twitterizer2.Streaming", "..\..\Users\kiichi\Documents\GitHub\Twitterizer\Twitterizer2.Streaming\Twitterizer2.Streaming.csproj", "{AFDC57ED-C013-4581-9D06-54D8A42D696D}"
EndProject
Project("{FAE04EC0-301F-11D3-BF4B-00C04F79EFBC}") = "RawlerConsole", "RawlerConsole\RawlerConsole.csproj", "{CCEF9291-5ACA-4DB7-800F-DC2AA9B93087}"
EndProject
Project("{FAE04EC0-301F-11D3-BF4B-00C04F79EFBC}") = "RawlerSampleCode", "..\RawlerSampleCode\RawlerSampleCode.csproj", "{5B8B7451-7B2F-47FC-90B0-69AD01D29962}"
EndProject
Project("{FAE04EC0-301F-11D3-BF4B-00C04F79EFBC}") = "NuGet.Packager1", "NuGet.Packager1\NuGet.Packager1.csproj", "{0451BAEF-DF2E-4B98-8644-94EE9415E389}"
EndProject
Global
	GlobalSection(SolutionConfigurationPlatforms) = preSolution
		CCNET|Any CPU = CCNET|Any CPU
		CCNET|Mixed Platforms = CCNET|Mixed Platforms
		CCNET|x86 = CCNET|x86
		Debug|Any CPU = Debug|Any CPU
		Debug|Mixed Platforms = Debug|Mixed Platforms
		Debug|x86 = Debug|x86
		Mono-Debug|Any CPU = Mono-Debug|Any CPU
		Mono-Debug|Mixed Platforms = Mono-Debug|Mixed Platforms
		Mono-Debug|x86 = Mono-Debug|x86
		Mono-Release|Any CPU = Mono-Release|Any CPU
		Mono-Release|Mixed Platforms = Mono-Release|Mixed Platforms
		Mono-Release|x86 = Mono-Release|x86
		Release|Any CPU = Release|Any CPU
		Release|Mixed Platforms = Release|Mixed Platforms
		Release|x86 = Release|x86
	EndGlobalSection
	GlobalSection(ProjectConfigurationPlatforms) = postSolution
		{D0FF1894-5D72-40C4-91FD-774A8D87D34F}.CCNET|Any CPU.ActiveCfg = Release|x86
		{D0FF1894-5D72-40C4-91FD-774A8D87D34F}.CCNET|Mixed Platforms.ActiveCfg = Release|x86
		{D0FF1894-5D72-40C4-91FD-774A8D87D34F}.CCNET|Mixed Platforms.Build.0 = Release|x86
		{D0FF1894-5D72-40C4-91FD-774A8D87D34F}.CCNET|x86.ActiveCfg = Release|x86
		{D0FF1894-5D72-40C4-91FD-774A8D87D34F}.CCNET|x86.Build.0 = Release|x86
		{D0FF1894-5D72-40C4-91FD-774A8D87D34F}.Debug|Any CPU.ActiveCfg = Debug|x86
		{D0FF1894-5D72-40C4-91FD-774A8D87D34F}.Debug|Mixed Platforms.ActiveCfg = Debug|x86
		{D0FF1894-5D72-40C4-91FD-774A8D87D34F}.Debug|Mixed Platforms.Build.0 = Debug|x86
		{D0FF1894-5D72-40C4-91FD-774A8D87D34F}.Debug|x86.ActiveCfg = Debug|x86
		{D0FF1894-5D72-40C4-91FD-774A8D87D34F}.Debug|x86.Build.0 = Debug|x86
		{D0FF1894-5D72-40C4-91FD-774A8D87D34F}.Mono-Debug|Any CPU.ActiveCfg = Debug|x86
		{D0FF1894-5D72-40C4-91FD-774A8D87D34F}.Mono-Debug|Mixed Platforms.ActiveCfg = Debug|x86
		{D0FF1894-5D72-40C4-91FD-774A8D87D34F}.Mono-Debug|Mixed Platforms.Build.0 = Debug|x86
		{D0FF1894-5D72-40C4-91FD-774A8D87D34F}.Mono-Debug|x86.ActiveCfg = Debug|x86
		{D0FF1894-5D72-40C4-91FD-774A8D87D34F}.Mono-Debug|x86.Build.0 = Debug|x86
		{D0FF1894-5D72-40C4-91FD-774A8D87D34F}.Mono-Release|Any CPU.ActiveCfg = Release|x86
		{D0FF1894-5D72-40C4-91FD-774A8D87D34F}.Mono-Release|Mixed Platforms.ActiveCfg = Release|x86
		{D0FF1894-5D72-40C4-91FD-774A8D87D34F}.Mono-Release|Mixed Platforms.Build.0 = Release|x86
		{D0FF1894-5D72-40C4-91FD-774A8D87D34F}.Mono-Release|x86.ActiveCfg = Release|x86
		{D0FF1894-5D72-40C4-91FD-774A8D87D34F}.Mono-Release|x86.Build.0 = Release|x86
		{D0FF1894-5D72-40C4-91FD-774A8D87D34F}.Release|Any CPU.ActiveCfg = Release|x86
		{D0FF1894-5D72-40C4-91FD-774A8D87D34F}.Release|Mixed Platforms.ActiveCfg = Release|x86
		{D0FF1894-5D72-40C4-91FD-774A8D87D34F}.Release|Mixed Platforms.Build.0 = Release|x86
		{D0FF1894-5D72-40C4-91FD-774A8D87D34F}.Release|x86.ActiveCfg = Release|x86
		{D0FF1894-5D72-40C4-91FD-774A8D87D34F}.Release|x86.Build.0 = Release|x86
		{2E85E164-1D2D-4125-95F9-3ABE2BE82968}.CCNET|Any CPU.ActiveCfg = Release|x86
		{2E85E164-1D2D-4125-95F9-3ABE2BE82968}.CCNET|Mixed Platforms.ActiveCfg = Release|x86
		{2E85E164-1D2D-4125-95F9-3ABE2BE82968}.CCNET|Mixed Platforms.Build.0 = Release|x86
		{2E85E164-1D2D-4125-95F9-3ABE2BE82968}.CCNET|x86.ActiveCfg = Release|x86
		{2E85E164-1D2D-4125-95F9-3ABE2BE82968}.CCNET|x86.Build.0 = Release|x86
		{2E85E164-1D2D-4125-95F9-3ABE2BE82968}.Debug|Any CPU.ActiveCfg = Debug|x86
		{2E85E164-1D2D-4125-95F9-3ABE2BE82968}.Debug|Mixed Platforms.ActiveCfg = Debug|x86
		{2E85E164-1D2D-4125-95F9-3ABE2BE82968}.Debug|Mixed Platforms.Build.0 = Debug|x86
		{2E85E164-1D2D-4125-95F9-3ABE2BE82968}.Debug|x86.ActiveCfg = Debug|x86
		{2E85E164-1D2D-4125-95F9-3ABE2BE82968}.Debug|x86.Build.0 = Debug|x86
		{2E85E164-1D2D-4125-95F9-3ABE2BE82968}.Mono-Debug|Any CPU.ActiveCfg = Debug|x86
		{2E85E164-1D2D-4125-95F9-3ABE2BE82968}.Mono-Debug|Mixed Platforms.ActiveCfg = Debug|x86
		{2E85E164-1D2D-4125-95F9-3ABE2BE82968}.Mono-Debug|Mixed Platforms.Build.0 = Debug|x86
		{2E85E164-1D2D-4125-95F9-3ABE2BE82968}.Mono-Debug|x86.ActiveCfg = Debug|x86
		{2E85E164-1D2D-4125-95F9-3ABE2BE82968}.Mono-Debug|x86.Build.0 = Debug|x86
		{2E85E164-1D2D-4125-95F9-3ABE2BE82968}.Mono-Release|Any CPU.ActiveCfg = Release|x86
		{2E85E164-1D2D-4125-95F9-3ABE2BE82968}.Mono-Release|Mixed Platforms.ActiveCfg = Release|x86
		{2E85E164-1D2D-4125-95F9-3ABE2BE82968}.Mono-Release|Mixed Platforms.Build.0 = Release|x86
		{2E85E164-1D2D-4125-95F9-3ABE2BE82968}.Mono-Release|x86.ActiveCfg = Release|x86
		{2E85E164-1D2D-4125-95F9-3ABE2BE82968}.Mono-Release|x86.Build.0 = Release|x86
		{2E85E164-1D2D-4125-95F9-3ABE2BE82968}.Release|Any CPU.ActiveCfg = Release|x86
		{2E85E164-1D2D-4125-95F9-3ABE2BE82968}.Release|Mixed Platforms.ActiveCfg = Release|x86
		{2E85E164-1D2D-4125-95F9-3ABE2BE82968}.Release|Mixed Platforms.Build.0 = Release|x86
		{2E85E164-1D2D-4125-95F9-3ABE2BE82968}.Release|x86.ActiveCfg = Release|x86
		{2E85E164-1D2D-4125-95F9-3ABE2BE82968}.Release|x86.Build.0 = Release|x86
		{33B87A14-4DFB-40C1-8B75-367B4D09574E}.CCNET|Any CPU.ActiveCfg = Release|Any CPU
		{33B87A14-4DFB-40C1-8B75-367B4D09574E}.CCNET|Any CPU.Build.0 = Release|Any CPU
		{33B87A14-4DFB-40C1-8B75-367B4D09574E}.CCNET|Mixed Platforms.ActiveCfg = Release|Any CPU
		{33B87A14-4DFB-40C1-8B75-367B4D09574E}.CCNET|Mixed Platforms.Build.0 = Release|Any CPU
		{33B87A14-4DFB-40C1-8B75-367B4D09574E}.CCNET|x86.ActiveCfg = Release|Any CPU
		{33B87A14-4DFB-40C1-8B75-367B4D09574E}.Debug|Any CPU.ActiveCfg = Debug|Any CPU
		{33B87A14-4DFB-40C1-8B75-367B4D09574E}.Debug|Any CPU.Build.0 = Debug|Any CPU
		{33B87A14-4DFB-40C1-8B75-367B4D09574E}.Debug|Mixed Platforms.ActiveCfg = Debug|Any CPU
		{33B87A14-4DFB-40C1-8B75-367B4D09574E}.Debug|Mixed Platforms.Build.0 = Debug|Any CPU
		{33B87A14-4DFB-40C1-8B75-367B4D09574E}.Debug|x86.ActiveCfg = Debug|Any CPU
		{33B87A14-4DFB-40C1-8B75-367B4D09574E}.Mono-Debug|Any CPU.ActiveCfg = Debug|Any CPU
		{33B87A14-4DFB-40C1-8B75-367B4D09574E}.Mono-Debug|Any CPU.Build.0 = Debug|Any CPU
		{33B87A14-4DFB-40C1-8B75-367B4D09574E}.Mono-Debug|Mixed Platforms.ActiveCfg = Debug|Any CPU
		{33B87A14-4DFB-40C1-8B75-367B4D09574E}.Mono-Debug|Mixed Platforms.Build.0 = Debug|Any CPU
		{33B87A14-4DFB-40C1-8B75-367B4D09574E}.Mono-Debug|x86.ActiveCfg = Debug|Any CPU
		{33B87A14-4DFB-40C1-8B75-367B4D09574E}.Mono-Release|Any CPU.ActiveCfg = Release|Any CPU
		{33B87A14-4DFB-40C1-8B75-367B4D09574E}.Mono-Release|Any CPU.Build.0 = Release|Any CPU
		{33B87A14-4DFB-40C1-8B75-367B4D09574E}.Mono-Release|Mixed Platforms.ActiveCfg = Release|Any CPU
		{33B87A14-4DFB-40C1-8B75-367B4D09574E}.Mono-Release|Mixed Platforms.Build.0 = Release|Any CPU
		{33B87A14-4DFB-40C1-8B75-367B4D09574E}.Mono-Release|x86.ActiveCfg = Release|Any CPU
		{33B87A14-4DFB-40C1-8B75-367B4D09574E}.Release|Any CPU.ActiveCfg = Release|Any CPU
		{33B87A14-4DFB-40C1-8B75-367B4D09574E}.Release|Any CPU.Build.0 = Release|Any CPU
		{33B87A14-4DFB-40C1-8B75-367B4D09574E}.Release|Mixed Platforms.ActiveCfg = Release|Any CPU
		{33B87A14-4DFB-40C1-8B75-367B4D09574E}.Release|Mixed Platforms.Build.0 = Release|Any CPU
		{33B87A14-4DFB-40C1-8B75-367B4D09574E}.Release|x86.ActiveCfg = Release|Any CPU
		{A8364E94-8B3F-4C80-9CBF-3B7DE86FC60E}.CCNET|Any CPU.ActiveCfg = Release|Any CPU
		{A8364E94-8B3F-4C80-9CBF-3B7DE86FC60E}.CCNET|Any CPU.Build.0 = Release|Any CPU
		{A8364E94-8B3F-4C80-9CBF-3B7DE86FC60E}.CCNET|Mixed Platforms.ActiveCfg = Release|Any CPU
		{A8364E94-8B3F-4C80-9CBF-3B7DE86FC60E}.CCNET|Mixed Platforms.Build.0 = Release|Any CPU
		{A8364E94-8B3F-4C80-9CBF-3B7DE86FC60E}.CCNET|x86.ActiveCfg = Release|Any CPU
		{A8364E94-8B3F-4C80-9CBF-3B7DE86FC60E}.Debug|Any CPU.ActiveCfg = Debug|Any CPU
		{A8364E94-8B3F-4C80-9CBF-3B7DE86FC60E}.Debug|Any CPU.Build.0 = Debug|Any CPU
		{A8364E94-8B3F-4C80-9CBF-3B7DE86FC60E}.Debug|Mixed Platforms.ActiveCfg = Debug|Any CPU
		{A8364E94-8B3F-4C80-9CBF-3B7DE86FC60E}.Debug|Mixed Platforms.Build.0 = Debug|Any CPU
		{A8364E94-8B3F-4C80-9CBF-3B7DE86FC60E}.Debug|x86.ActiveCfg = Debug|Any CPU
		{A8364E94-8B3F-4C80-9CBF-3B7DE86FC60E}.Mono-Debug|Any CPU.ActiveCfg = Debug|Any CPU
		{A8364E94-8B3F-4C80-9CBF-3B7DE86FC60E}.Mono-Debug|Any CPU.Build.0 = Debug|Any CPU
		{A8364E94-8B3F-4C80-9CBF-3B7DE86FC60E}.Mono-Debug|Mixed Platforms.ActiveCfg = Debug|Any CPU
		{A8364E94-8B3F-4C80-9CBF-3B7DE86FC60E}.Mono-Debug|Mixed Platforms.Build.0 = Debug|Any CPU
		{A8364E94-8B3F-4C80-9CBF-3B7DE86FC60E}.Mono-Debug|x86.ActiveCfg = Debug|Any CPU
		{A8364E94-8B3F-4C80-9CBF-3B7DE86FC60E}.Mono-Release|Any CPU.ActiveCfg = Release|Any CPU
		{A8364E94-8B3F-4C80-9CBF-3B7DE86FC60E}.Mono-Release|Any CPU.Build.0 = Release|Any CPU
		{A8364E94-8B3F-4C80-9CBF-3B7DE86FC60E}.Mono-Release|Mixed Platforms.ActiveCfg = Release|Any CPU
		{A8364E94-8B3F-4C80-9CBF-3B7DE86FC60E}.Mono-Release|Mixed Platforms.Build.0 = Release|Any CPU
		{A8364E94-8B3F-4C80-9CBF-3B7DE86FC60E}.Mono-Release|x86.ActiveCfg = Release|Any CPU
		{A8364E94-8B3F-4C80-9CBF-3B7DE86FC60E}.Release|Any CPU.ActiveCfg = Release|Any CPU
		{A8364E94-8B3F-4C80-9CBF-3B7DE86FC60E}.Release|Any CPU.Build.0 = Release|Any CPU
		{A8364E94-8B3F-4C80-9CBF-3B7DE86FC60E}.Release|Mixed Platforms.ActiveCfg = Release|Any CPU
		{A8364E94-8B3F-4C80-9CBF-3B7DE86FC60E}.Release|Mixed Platforms.Build.0 = Release|Any CPU
		{A8364E94-8B3F-4C80-9CBF-3B7DE86FC60E}.Release|x86.ActiveCfg = Release|Any CPU
		{95413A4E-EFAC-4729-A329-3ACD5AF51D4D}.CCNET|Any CPU.ActiveCfg = Release|Any CPU
		{95413A4E-EFAC-4729-A329-3ACD5AF51D4D}.CCNET|Any CPU.Build.0 = Release|Any CPU
		{95413A4E-EFAC-4729-A329-3ACD5AF51D4D}.CCNET|Mixed Platforms.ActiveCfg = Release|Any CPU
		{95413A4E-EFAC-4729-A329-3ACD5AF51D4D}.CCNET|Mixed Platforms.Build.0 = Release|Any CPU
		{95413A4E-EFAC-4729-A329-3ACD5AF51D4D}.CCNET|x86.ActiveCfg = Release|Any CPU
		{95413A4E-EFAC-4729-A329-3ACD5AF51D4D}.Debug|Any CPU.ActiveCfg = Debug|Any CPU
		{95413A4E-EFAC-4729-A329-3ACD5AF51D4D}.Debug|Any CPU.Build.0 = Debug|Any CPU
		{95413A4E-EFAC-4729-A329-3ACD5AF51D4D}.Debug|Mixed Platforms.ActiveCfg = Debug|Any CPU
		{95413A4E-EFAC-4729-A329-3ACD5AF51D4D}.Debug|Mixed Platforms.Build.0 = Debug|Any CPU
		{95413A4E-EFAC-4729-A329-3ACD5AF51D4D}.Debug|x86.ActiveCfg = Debug|Any CPU
		{95413A4E-EFAC-4729-A329-3ACD5AF51D4D}.Mono-Debug|Any CPU.ActiveCfg = Debug|Any CPU
		{95413A4E-EFAC-4729-A329-3ACD5AF51D4D}.Mono-Debug|Any CPU.Build.0 = Debug|Any CPU
		{95413A4E-EFAC-4729-A329-3ACD5AF51D4D}.Mono-Debug|Mixed Platforms.ActiveCfg = Debug|Any CPU
		{95413A4E-EFAC-4729-A329-3ACD5AF51D4D}.Mono-Debug|Mixed Platforms.Build.0 = Debug|Any CPU
		{95413A4E-EFAC-4729-A329-3ACD5AF51D4D}.Mono-Debug|x86.ActiveCfg = Debug|Any CPU
		{95413A4E-EFAC-4729-A329-3ACD5AF51D4D}.Mono-Release|Any CPU.ActiveCfg = Release|Any CPU
		{95413A4E-EFAC-4729-A329-3ACD5AF51D4D}.Mono-Release|Any CPU.Build.0 = Release|Any CPU
		{95413A4E-EFAC-4729-A329-3ACD5AF51D4D}.Mono-Release|Mixed Platforms.ActiveCfg = Release|Any CPU
		{95413A4E-EFAC-4729-A329-3ACD5AF51D4D}.Mono-Release|Mixed Platforms.Build.0 = Release|Any CPU
		{95413A4E-EFAC-4729-A329-3ACD5AF51D4D}.Mono-Release|x86.ActiveCfg = Release|Any CPU
		{95413A4E-EFAC-4729-A329-3ACD5AF51D4D}.Release|Any CPU.ActiveCfg = Release|Any CPU
		{95413A4E-EFAC-4729-A329-3ACD5AF51D4D}.Release|Any CPU.Build.0 = Release|Any CPU
		{95413A4E-EFAC-4729-A329-3ACD5AF51D4D}.Release|Mixed Platforms.ActiveCfg = Release|Any CPU
		{95413A4E-EFAC-4729-A329-3ACD5AF51D4D}.Release|Mixed Platforms.Build.0 = Release|Any CPU
		{95413A4E-EFAC-4729-A329-3ACD5AF51D4D}.Release|x86.ActiveCfg = Release|Any CPU
		{552F6F8C-6547-4721-99FA-11B96EFBC0C7}.CCNET|Any CPU.ActiveCfg = Release|Any CPU
		{552F6F8C-6547-4721-99FA-11B96EFBC0C7}.CCNET|Any CPU.Build.0 = Release|Any CPU
		{552F6F8C-6547-4721-99FA-11B96EFBC0C7}.CCNET|Mixed Platforms.ActiveCfg = Release|Any CPU
		{552F6F8C-6547-4721-99FA-11B96EFBC0C7}.CCNET|Mixed Platforms.Build.0 = Release|Any CPU
		{552F6F8C-6547-4721-99FA-11B96EFBC0C7}.CCNET|x86.ActiveCfg = Release|Any CPU
		{552F6F8C-6547-4721-99FA-11B96EFBC0C7}.Debug|Any CPU.ActiveCfg = Debug|Any CPU
		{552F6F8C-6547-4721-99FA-11B96EFBC0C7}.Debug|Any CPU.Build.0 = Debug|Any CPU
		{552F6F8C-6547-4721-99FA-11B96EFBC0C7}.Debug|Mixed Platforms.ActiveCfg = Debug|Any CPU
		{552F6F8C-6547-4721-99FA-11B96EFBC0C7}.Debug|Mixed Platforms.Build.0 = Debug|Any CPU
		{552F6F8C-6547-4721-99FA-11B96EFBC0C7}.Debug|x86.ActiveCfg = Debug|Any CPU
		{552F6F8C-6547-4721-99FA-11B96EFBC0C7}.Mono-Debug|Any CPU.ActiveCfg = Debug|Any CPU
		{552F6F8C-6547-4721-99FA-11B96EFBC0C7}.Mono-Debug|Any CPU.Build.0 = Debug|Any CPU
		{552F6F8C-6547-4721-99FA-11B96EFBC0C7}.Mono-Debug|Mixed Platforms.ActiveCfg = Debug|Any CPU
		{552F6F8C-6547-4721-99FA-11B96EFBC0C7}.Mono-Debug|Mixed Platforms.Build.0 = Debug|Any CPU
		{552F6F8C-6547-4721-99FA-11B96EFBC0C7}.Mono-Debug|x86.ActiveCfg = Debug|Any CPU
		{552F6F8C-6547-4721-99FA-11B96EFBC0C7}.Mono-Release|Any CPU.ActiveCfg = Release|Any CPU
		{552F6F8C-6547-4721-99FA-11B96EFBC0C7}.Mono-Release|Any CPU.Build.0 = Release|Any CPU
		{552F6F8C-6547-4721-99FA-11B96EFBC0C7}.Mono-Release|Mixed Platforms.ActiveCfg = Release|Any CPU
		{552F6F8C-6547-4721-99FA-11B96EFBC0C7}.Mono-Release|Mixed Platforms.Build.0 = Release|Any CPU
		{552F6F8C-6547-4721-99FA-11B96EFBC0C7}.Mono-Release|x86.ActiveCfg = Release|Any CPU
		{552F6F8C-6547-4721-99FA-11B96EFBC0C7}.Release|Any CPU.ActiveCfg = Release|Any CPU
		{552F6F8C-6547-4721-99FA-11B96EFBC0C7}.Release|Any CPU.Build.0 = Release|Any CPU
		{552F6F8C-6547-4721-99FA-11B96EFBC0C7}.Release|Mixed Platforms.ActiveCfg = Release|Any CPU
		{552F6F8C-6547-4721-99FA-11B96EFBC0C7}.Release|Mixed Platforms.Build.0 = Release|Any CPU
		{552F6F8C-6547-4721-99FA-11B96EFBC0C7}.Release|x86.ActiveCfg = Release|Any CPU
		{22251104-BC73-4FE6-A0E7-C63ECB6522DF}.CCNET|Any CPU.ActiveCfg = Release|Any CPU
		{22251104-BC73-4FE6-A0E7-C63ECB6522DF}.CCNET|Any CPU.Build.0 = Release|Any CPU
		{22251104-BC73-4FE6-A0E7-C63ECB6522DF}.CCNET|Mixed Platforms.ActiveCfg = Release|Any CPU
		{22251104-BC73-4FE6-A0E7-C63ECB6522DF}.CCNET|Mixed Platforms.Build.0 = Release|Any CPU
		{22251104-BC73-4FE6-A0E7-C63ECB6522DF}.CCNET|x86.ActiveCfg = Release|Any CPU
		{22251104-BC73-4FE6-A0E7-C63ECB6522DF}.Debug|Any CPU.ActiveCfg = Debug|Any CPU
		{22251104-BC73-4FE6-A0E7-C63ECB6522DF}.Debug|Any CPU.Build.0 = Debug|Any CPU
		{22251104-BC73-4FE6-A0E7-C63ECB6522DF}.Debug|Mixed Platforms.ActiveCfg = Debug|Any CPU
		{22251104-BC73-4FE6-A0E7-C63ECB6522DF}.Debug|Mixed Platforms.Build.0 = Debug|Any CPU
		{22251104-BC73-4FE6-A0E7-C63ECB6522DF}.Debug|x86.ActiveCfg = Debug|Any CPU
		{22251104-BC73-4FE6-A0E7-C63ECB6522DF}.Mono-Debug|Any CPU.ActiveCfg = Debug|Any CPU
		{22251104-BC73-4FE6-A0E7-C63ECB6522DF}.Mono-Debug|Any CPU.Build.0 = Debug|Any CPU
		{22251104-BC73-4FE6-A0E7-C63ECB6522DF}.Mono-Debug|Mixed Platforms.ActiveCfg = Debug|Any CPU
		{22251104-BC73-4FE6-A0E7-C63ECB6522DF}.Mono-Debug|Mixed Platforms.Build.0 = Debug|Any CPU
		{22251104-BC73-4FE6-A0E7-C63ECB6522DF}.Mono-Debug|x86.ActiveCfg = Debug|Any CPU
		{22251104-BC73-4FE6-A0E7-C63ECB6522DF}.Mono-Release|Any CPU.ActiveCfg = Release|Any CPU
		{22251104-BC73-4FE6-A0E7-C63ECB6522DF}.Mono-Release|Any CPU.Build.0 = Release|Any CPU
		{22251104-BC73-4FE6-A0E7-C63ECB6522DF}.Mono-Release|Mixed Platforms.ActiveCfg = Release|Any CPU
		{22251104-BC73-4FE6-A0E7-C63ECB6522DF}.Mono-Release|Mixed Platforms.Build.0 = Release|Any CPU
		{22251104-BC73-4FE6-A0E7-C63ECB6522DF}.Mono-Release|x86.ActiveCfg = Release|Any CPU
		{22251104-BC73-4FE6-A0E7-C63ECB6522DF}.Release|Any CPU.ActiveCfg = Release|Any CPU
		{22251104-BC73-4FE6-A0E7-C63ECB6522DF}.Release|Any CPU.Build.0 = Release|Any CPU
		{22251104-BC73-4FE6-A0E7-C63ECB6522DF}.Release|Mixed Platforms.ActiveCfg = Release|Any CPU
		{22251104-BC73-4FE6-A0E7-C63ECB6522DF}.Release|Mixed Platforms.Build.0 = Release|Any CPU
		{22251104-BC73-4FE6-A0E7-C63ECB6522DF}.Release|x86.ActiveCfg = Release|Any CPU
		{88A4E20E-A2A1-4BD0-B5EB-ECAA0163912A}.CCNET|Any CPU.ActiveCfg = Release|Any CPU
		{88A4E20E-A2A1-4BD0-B5EB-ECAA0163912A}.CCNET|Any CPU.Build.0 = Release|Any CPU
		{88A4E20E-A2A1-4BD0-B5EB-ECAA0163912A}.CCNET|Mixed Platforms.ActiveCfg = Release|Any CPU
		{88A4E20E-A2A1-4BD0-B5EB-ECAA0163912A}.CCNET|Mixed Platforms.Build.0 = Release|Any CPU
		{88A4E20E-A2A1-4BD0-B5EB-ECAA0163912A}.CCNET|x86.ActiveCfg = Release|Any CPU
		{88A4E20E-A2A1-4BD0-B5EB-ECAA0163912A}.Debug|Any CPU.ActiveCfg = Debug|Any CPU
		{88A4E20E-A2A1-4BD0-B5EB-ECAA0163912A}.Debug|Any CPU.Build.0 = Debug|Any CPU
		{88A4E20E-A2A1-4BD0-B5EB-ECAA0163912A}.Debug|Mixed Platforms.ActiveCfg = Debug|Any CPU
		{88A4E20E-A2A1-4BD0-B5EB-ECAA0163912A}.Debug|Mixed Platforms.Build.0 = Debug|Any CPU
		{88A4E20E-A2A1-4BD0-B5EB-ECAA0163912A}.Debug|x86.ActiveCfg = Debug|Any CPU
		{88A4E20E-A2A1-4BD0-B5EB-ECAA0163912A}.Mono-Debug|Any CPU.ActiveCfg = Debug|Any CPU
		{88A4E20E-A2A1-4BD0-B5EB-ECAA0163912A}.Mono-Debug|Any CPU.Build.0 = Debug|Any CPU
		{88A4E20E-A2A1-4BD0-B5EB-ECAA0163912A}.Mono-Debug|Mixed Platforms.ActiveCfg = Debug|Any CPU
		{88A4E20E-A2A1-4BD0-B5EB-ECAA0163912A}.Mono-Debug|Mixed Platforms.Build.0 = Debug|Any CPU
		{88A4E20E-A2A1-4BD0-B5EB-ECAA0163912A}.Mono-Debug|x86.ActiveCfg = Debug|Any CPU
		{88A4E20E-A2A1-4BD0-B5EB-ECAA0163912A}.Mono-Release|Any CPU.ActiveCfg = Release|Any CPU
		{88A4E20E-A2A1-4BD0-B5EB-ECAA0163912A}.Mono-Release|Any CPU.Build.0 = Release|Any CPU
		{88A4E20E-A2A1-4BD0-B5EB-ECAA0163912A}.Mono-Release|Mixed Platforms.ActiveCfg = Release|Any CPU
		{88A4E20E-A2A1-4BD0-B5EB-ECAA0163912A}.Mono-Release|Mixed Platforms.Build.0 = Release|Any CPU
		{88A4E20E-A2A1-4BD0-B5EB-ECAA0163912A}.Mono-Release|x86.ActiveCfg = Release|Any CPU
		{88A4E20E-A2A1-4BD0-B5EB-ECAA0163912A}.Release|Any CPU.ActiveCfg = Release|Any CPU
		{88A4E20E-A2A1-4BD0-B5EB-ECAA0163912A}.Release|Any CPU.Build.0 = Release|Any CPU
		{88A4E20E-A2A1-4BD0-B5EB-ECAA0163912A}.Release|Mixed Platforms.ActiveCfg = Release|Any CPU
		{88A4E20E-A2A1-4BD0-B5EB-ECAA0163912A}.Release|Mixed Platforms.Build.0 = Release|Any CPU
		{88A4E20E-A2A1-4BD0-B5EB-ECAA0163912A}.Release|x86.ActiveCfg = Release|Any CPU
		{2FDC3492-6B9E-4771-9755-7892C9CB1E96}.CCNET|Any CPU.ActiveCfg = CCNET|Any CPU
		{2FDC3492-6B9E-4771-9755-7892C9CB1E96}.CCNET|Any CPU.Build.0 = CCNET|Any CPU
		{2FDC3492-6B9E-4771-9755-7892C9CB1E96}.CCNET|Mixed Platforms.ActiveCfg = CCNET|Any CPU
		{2FDC3492-6B9E-4771-9755-7892C9CB1E96}.CCNET|Mixed Platforms.Build.0 = CCNET|Any CPU
		{2FDC3492-6B9E-4771-9755-7892C9CB1E96}.CCNET|x86.ActiveCfg = CCNET|Any CPU
		{2FDC3492-6B9E-4771-9755-7892C9CB1E96}.Debug|Any CPU.ActiveCfg = Debug|Any CPU
		{2FDC3492-6B9E-4771-9755-7892C9CB1E96}.Debug|Any CPU.Build.0 = Debug|Any CPU
		{2FDC3492-6B9E-4771-9755-7892C9CB1E96}.Debug|Mixed Platforms.ActiveCfg = Debug|Any CPU
		{2FDC3492-6B9E-4771-9755-7892C9CB1E96}.Debug|Mixed Platforms.Build.0 = Debug|Any CPU
		{2FDC3492-6B9E-4771-9755-7892C9CB1E96}.Debug|x86.ActiveCfg = Debug|Any CPU
		{2FDC3492-6B9E-4771-9755-7892C9CB1E96}.Mono-Debug|Any CPU.ActiveCfg = Mono-Debug|Any CPU
		{2FDC3492-6B9E-4771-9755-7892C9CB1E96}.Mono-Debug|Any CPU.Build.0 = Mono-Debug|Any CPU
		{2FDC3492-6B9E-4771-9755-7892C9CB1E96}.Mono-Debug|Mixed Platforms.ActiveCfg = Mono-Debug|Any CPU
		{2FDC3492-6B9E-4771-9755-7892C9CB1E96}.Mono-Debug|Mixed Platforms.Build.0 = Mono-Debug|Any CPU
		{2FDC3492-6B9E-4771-9755-7892C9CB1E96}.Mono-Debug|x86.ActiveCfg = Mono-Debug|Any CPU
		{2FDC3492-6B9E-4771-9755-7892C9CB1E96}.Mono-Release|Any CPU.ActiveCfg = Mono-Release|Any CPU
		{2FDC3492-6B9E-4771-9755-7892C9CB1E96}.Mono-Release|Any CPU.Build.0 = Mono-Release|Any CPU
		{2FDC3492-6B9E-4771-9755-7892C9CB1E96}.Mono-Release|Mixed Platforms.ActiveCfg = Mono-Release|Any CPU
		{2FDC3492-6B9E-4771-9755-7892C9CB1E96}.Mono-Release|Mixed Platforms.Build.0 = Mono-Release|Any CPU
		{2FDC3492-6B9E-4771-9755-7892C9CB1E96}.Mono-Release|x86.ActiveCfg = Mono-Release|Any CPU
		{2FDC3492-6B9E-4771-9755-7892C9CB1E96}.Release|Any CPU.ActiveCfg = Release|Any CPU
		{2FDC3492-6B9E-4771-9755-7892C9CB1E96}.Release|Any CPU.Build.0 = Release|Any CPU
		{2FDC3492-6B9E-4771-9755-7892C9CB1E96}.Release|Mixed Platforms.ActiveCfg = Release|Any CPU
		{2FDC3492-6B9E-4771-9755-7892C9CB1E96}.Release|Mixed Platforms.Build.0 = Release|Any CPU
		{2FDC3492-6B9E-4771-9755-7892C9CB1E96}.Release|x86.ActiveCfg = Release|Any CPU
		{AFDC57ED-C013-4581-9D06-54D8A42D696D}.CCNET|Any CPU.ActiveCfg = Release|Any CPU
		{AFDC57ED-C013-4581-9D06-54D8A42D696D}.CCNET|Any CPU.Build.0 = Release|Any CPU
		{AFDC57ED-C013-4581-9D06-54D8A42D696D}.CCNET|Mixed Platforms.ActiveCfg = Release|Any CPU
		{AFDC57ED-C013-4581-9D06-54D8A42D696D}.CCNET|Mixed Platforms.Build.0 = Release|Any CPU
		{AFDC57ED-C013-4581-9D06-54D8A42D696D}.CCNET|x86.ActiveCfg = Release|Any CPU
		{AFDC57ED-C013-4581-9D06-54D8A42D696D}.Debug|Any CPU.ActiveCfg = Debug|Any CPU
		{AFDC57ED-C013-4581-9D06-54D8A42D696D}.Debug|Any CPU.Build.0 = Debug|Any CPU
		{AFDC57ED-C013-4581-9D06-54D8A42D696D}.Debug|Mixed Platforms.ActiveCfg = Debug|Any CPU
		{AFDC57ED-C013-4581-9D06-54D8A42D696D}.Debug|Mixed Platforms.Build.0 = Debug|Any CPU
		{AFDC57ED-C013-4581-9D06-54D8A42D696D}.Debug|x86.ActiveCfg = Debug|Any CPU
		{AFDC57ED-C013-4581-9D06-54D8A42D696D}.Mono-Debug|Any CPU.ActiveCfg = Debug|Any CPU
		{AFDC57ED-C013-4581-9D06-54D8A42D696D}.Mono-Debug|Any CPU.Build.0 = Debug|Any CPU
		{AFDC57ED-C013-4581-9D06-54D8A42D696D}.Mono-Debug|Mixed Platforms.ActiveCfg = Debug|Any CPU
		{AFDC57ED-C013-4581-9D06-54D8A42D696D}.Mono-Debug|Mixed Platforms.Build.0 = Debug|Any CPU
		{AFDC57ED-C013-4581-9D06-54D8A42D696D}.Mono-Debug|x86.ActiveCfg = Debug|Any CPU
		{AFDC57ED-C013-4581-9D06-54D8A42D696D}.Mono-Release|Any CPU.ActiveCfg = Release|Any CPU
		{AFDC57ED-C013-4581-9D06-54D8A42D696D}.Mono-Release|Any CPU.Build.0 = Release|Any CPU
		{AFDC57ED-C013-4581-9D06-54D8A42D696D}.Mono-Release|Mixed Platforms.ActiveCfg = Release|Any CPU
		{AFDC57ED-C013-4581-9D06-54D8A42D696D}.Mono-Release|Mixed Platforms.Build.0 = Release|Any CPU
		{AFDC57ED-C013-4581-9D06-54D8A42D696D}.Mono-Release|x86.ActiveCfg = Release|Any CPU
		{AFDC57ED-C013-4581-9D06-54D8A42D696D}.Release|Any CPU.ActiveCfg = Release|Any CPU
		{AFDC57ED-C013-4581-9D06-54D8A42D696D}.Release|Any CPU.Build.0 = Release|Any CPU
		{AFDC57ED-C013-4581-9D06-54D8A42D696D}.Release|Mixed Platforms.ActiveCfg = Release|Any CPU
		{AFDC57ED-C013-4581-9D06-54D8A42D696D}.Release|Mixed Platforms.Build.0 = Release|Any CPU
		{AFDC57ED-C013-4581-9D06-54D8A42D696D}.Release|x86.ActiveCfg = Release|Any CPU
		{CCEF9291-5ACA-4DB7-800F-DC2AA9B93087}.CCNET|Any CPU.ActiveCfg = Release|Any CPU
		{CCEF9291-5ACA-4DB7-800F-DC2AA9B93087}.CCNET|Any CPU.Build.0 = Release|Any CPU
		{CCEF9291-5ACA-4DB7-800F-DC2AA9B93087}.CCNET|Mixed Platforms.ActiveCfg = Release|Any CPU
		{CCEF9291-5ACA-4DB7-800F-DC2AA9B93087}.CCNET|Mixed Platforms.Build.0 = Release|Any CPU
		{CCEF9291-5ACA-4DB7-800F-DC2AA9B93087}.CCNET|x86.ActiveCfg = Release|Any CPU
		{CCEF9291-5ACA-4DB7-800F-DC2AA9B93087}.Debug|Any CPU.ActiveCfg = Debug|Any CPU
		{CCEF9291-5ACA-4DB7-800F-DC2AA9B93087}.Debug|Any CPU.Build.0 = Debug|Any CPU
		{CCEF9291-5ACA-4DB7-800F-DC2AA9B93087}.Debug|Mixed Platforms.ActiveCfg = Debug|Any CPU
		{CCEF9291-5ACA-4DB7-800F-DC2AA9B93087}.Debug|Mixed Platforms.Build.0 = Debug|Any CPU
		{CCEF9291-5ACA-4DB7-800F-DC2AA9B93087}.Debug|x86.ActiveCfg = Debug|Any CPU
		{CCEF9291-5ACA-4DB7-800F-DC2AA9B93087}.Mono-Debug|Any CPU.ActiveCfg = Debug|Any CPU
		{CCEF9291-5ACA-4DB7-800F-DC2AA9B93087}.Mono-Debug|Any CPU.Build.0 = Debug|Any CPU
		{CCEF9291-5ACA-4DB7-800F-DC2AA9B93087}.Mono-Debug|Mixed Platforms.ActiveCfg = Debug|Any CPU
		{CCEF9291-5ACA-4DB7-800F-DC2AA9B93087}.Mono-Debug|Mixed Platforms.Build.0 = Debug|Any CPU
		{CCEF9291-5ACA-4DB7-800F-DC2AA9B93087}.Mono-Debug|x86.ActiveCfg = Debug|Any CPU
		{CCEF9291-5ACA-4DB7-800F-DC2AA9B93087}.Mono-Release|Any CPU.ActiveCfg = Release|Any CPU
		{CCEF9291-5ACA-4DB7-800F-DC2AA9B93087}.Mono-Release|Any CPU.Build.0 = Release|Any CPU
		{CCEF9291-5ACA-4DB7-800F-DC2AA9B93087}.Mono-Release|Mixed Platforms.ActiveCfg = Release|Any CPU
		{CCEF9291-5ACA-4DB7-800F-DC2AA9B93087}.Mono-Release|Mixed Platforms.Build.0 = Release|Any CPU
		{CCEF9291-5ACA-4DB7-800F-DC2AA9B93087}.Mono-Release|x86.ActiveCfg = Release|Any CPU
		{CCEF9291-5ACA-4DB7-800F-DC2AA9B93087}.Release|Any CPU.ActiveCfg = Release|Any CPU
		{CCEF9291-5ACA-4DB7-800F-DC2AA9B93087}.Release|Any CPU.Build.0 = Release|Any CPU
		{CCEF9291-5ACA-4DB7-800F-DC2AA9B93087}.Release|Mixed Platforms.ActiveCfg = Release|Any CPU
		{CCEF9291-5ACA-4DB7-800F-DC2AA9B93087}.Release|Mixed Platforms.Build.0 = Release|Any CPU
		{CCEF9291-5ACA-4DB7-800F-DC2AA9B93087}.Release|x86.ActiveCfg = Release|Any CPU
		{5B8B7451-7B2F-47FC-90B0-69AD01D29962}.CCNET|Any CPU.ActiveCfg = Release|x86
		{5B8B7451-7B2F-47FC-90B0-69AD01D29962}.CCNET|Mixed Platforms.ActiveCfg = Release|x86
		{5B8B7451-7B2F-47FC-90B0-69AD01D29962}.CCNET|Mixed Platforms.Build.0 = Release|x86
		{5B8B7451-7B2F-47FC-90B0-69AD01D29962}.CCNET|x86.ActiveCfg = Release|x86
		{5B8B7451-7B2F-47FC-90B0-69AD01D29962}.CCNET|x86.Build.0 = Release|x86
		{5B8B7451-7B2F-47FC-90B0-69AD01D29962}.Debug|Any CPU.ActiveCfg = Debug|x86
		{5B8B7451-7B2F-47FC-90B0-69AD01D29962}.Debug|Mixed Platforms.ActiveCfg = Debug|x86
		{5B8B7451-7B2F-47FC-90B0-69AD01D29962}.Debug|Mixed Platforms.Build.0 = Debug|x86
		{5B8B7451-7B2F-47FC-90B0-69AD01D29962}.Debug|x86.ActiveCfg = Debug|x86
		{5B8B7451-7B2F-47FC-90B0-69AD01D29962}.Debug|x86.Build.0 = Debug|x86
		{5B8B7451-7B2F-47FC-90B0-69AD01D29962}.Mono-Debug|Any CPU.ActiveCfg = Debug|x86
		{5B8B7451-7B2F-47FC-90B0-69AD01D29962}.Mono-Debug|Mixed Platforms.ActiveCfg = Debug|x86
		{5B8B7451-7B2F-47FC-90B0-69AD01D29962}.Mono-Debug|Mixed Platforms.Build.0 = Debug|x86
		{5B8B7451-7B2F-47FC-90B0-69AD01D29962}.Mono-Debug|x86.ActiveCfg = Debug|x86
		{5B8B7451-7B2F-47FC-90B0-69AD01D29962}.Mono-Debug|x86.Build.0 = Debug|x86
		{5B8B7451-7B2F-47FC-90B0-69AD01D29962}.Mono-Release|Any CPU.ActiveCfg = Release|x86
		{5B8B7451-7B2F-47FC-90B0-69AD01D29962}.Mono-Release|Mixed Platforms.ActiveCfg = Release|x86
		{5B8B7451-7B2F-47FC-90B0-69AD01D29962}.Mono-Release|Mixed Platforms.Build.0 = Release|x86
		{5B8B7451-7B2F-47FC-90B0-69AD01D29962}.Mono-Release|x86.ActiveCfg = Release|x86
		{5B8B7451-7B2F-47FC-90B0-69AD01D29962}.Mono-Release|x86.Build.0 = Release|x86
		{5B8B7451-7B2F-47FC-90B0-69AD01D29962}.Release|Any CPU.ActiveCfg = Release|x86
		{5B8B7451-7B2F-47FC-90B0-69AD01D29962}.Release|Mixed Platforms.ActiveCfg = Release|x86
		{5B8B7451-7B2F-47FC-90B0-69AD01D29962}.Release|Mixed Platforms.Build.0 = Release|x86
		{5B8B7451-7B2F-47FC-90B0-69AD01D29962}.Release|x86.ActiveCfg = Release|x86
		{5B8B7451-7B2F-47FC-90B0-69AD01D29962}.Release|x86.Build.0 = Release|x86
		{0451BAEF-DF2E-4B98-8644-94EE9415E389}.CCNET|Any CPU.ActiveCfg = Release|Any CPU
		{0451BAEF-DF2E-4B98-8644-94EE9415E389}.CCNET|Any CPU.Build.0 = Release|Any CPU
		{0451BAEF-DF2E-4B98-8644-94EE9415E389}.CCNET|Mixed Platforms.ActiveCfg = Release|Any CPU
		{0451BAEF-DF2E-4B98-8644-94EE9415E389}.CCNET|Mixed Platforms.Build.0 = Release|Any CPU
		{0451BAEF-DF2E-4B98-8644-94EE9415E389}.CCNET|x86.ActiveCfg = Release|Any CPU
		{0451BAEF-DF2E-4B98-8644-94EE9415E389}.Debug|Any CPU.ActiveCfg = Debug|Any CPU
		{0451BAEF-DF2E-4B98-8644-94EE9415E389}.Debug|Any CPU.Build.0 = Debug|Any CPU
		{0451BAEF-DF2E-4B98-8644-94EE9415E389}.Debug|Mixed Platforms.ActiveCfg = Debug|Any CPU
		{0451BAEF-DF2E-4B98-8644-94EE9415E389}.Debug|Mixed Platforms.Build.0 = Debug|Any CPU
		{0451BAEF-DF2E-4B98-8644-94EE9415E389}.Debug|x86.ActiveCfg = Debug|Any CPU
		{0451BAEF-DF2E-4B98-8644-94EE9415E389}.Mono-Debug|Any CPU.ActiveCfg = Debug|Any CPU
		{0451BAEF-DF2E-4B98-8644-94EE9415E389}.Mono-Debug|Any CPU.Build.0 = Debug|Any CPU
		{0451BAEF-DF2E-4B98-8644-94EE9415E389}.Mono-Debug|Mixed Platforms.ActiveCfg = Debug|Any CPU
		{0451BAEF-DF2E-4B98-8644-94EE9415E389}.Mono-Debug|Mixed Platforms.Build.0 = Debug|Any CPU
		{0451BAEF-DF2E-4B98-8644-94EE9415E389}.Mono-Debug|x86.ActiveCfg = Debug|Any CPU
		{0451BAEF-DF2E-4B98-8644-94EE9415E389}.Mono-Release|Any CPU.ActiveCfg = Release|Any CPU
		{0451BAEF-DF2E-4B98-8644-94EE9415E389}.Mono-Release|Any CPU.Build.0 = Release|Any CPU
		{0451BAEF-DF2E-4B98-8644-94EE9415E389}.Mono-Release|Mixed Platforms.ActiveCfg = Release|Any CPU
		{0451BAEF-DF2E-4B98-8644-94EE9415E389}.Mono-Release|Mixed Platforms.Build.0 = Release|Any CPU
		{0451BAEF-DF2E-4B98-8644-94EE9415E389}.Mono-Release|x86.ActiveCfg = Release|Any CPU
		{0451BAEF-DF2E-4B98-8644-94EE9415E389}.Release|Any CPU.ActiveCfg = Release|Any CPU
		{0451BAEF-DF2E-4B98-8644-94EE9415E389}.Release|Any CPU.Build.0 = Release|Any CPU
		{0451BAEF-DF2E-4B98-8644-94EE9415E389}.Release|Mixed Platforms.ActiveCfg = Release|Any CPU
		{0451BAEF-DF2E-4B98-8644-94EE9415E389}.Release|Mixed Platforms.Build.0 = Release|Any CPU
		{0451BAEF-DF2E-4B98-8644-94EE9415E389}.Release|x86.ActiveCfg = Release|Any CPU
	EndGlobalSection
	GlobalSection(SolutionProperties) = preSolution
		HideSolutionNode = FALSE
	EndGlobalSection
	GlobalSection(TestCaseManagementSettings) = postSolution
		CategoryFile = Rawler.vsmdi
	EndGlobalSection
EndGlobal
